
Microsoft Visual Studio Solution File, Format Version 12.00
# Visual Studio Version 17
VisualStudioVersion = 17.0.31919.166
MinimumVisualStudioVersion = 10.0.40219.1
Project("{2150E333-8FDC-42A3-9474-1A3956D46DE8}") = "services", "services", "{2087168D-9870-41E9-8E55-53F18968836C}"
EndProject
Project("{2150E333-8FDC-42A3-9474-1A3956D46DE8}") = "catalog", "catalog", "{9CEC59E8-4DFC-4441-931D-1D5D9582C913}"
EndProject
Project("{9A19103F-16F7-4668-BE54-9A1E7A4F7556}") = "CourseSales.Services.Catalog", "services\catalog\CourseSales.Services.Catalog\CourseSales.Services.Catalog.csproj", "{39A9BD42-147D-4AA8-B562-B5B2086DDAB7}"
EndProject
Project("{2150E333-8FDC-42A3-9474-1A3956D46DE8}") = "docs", "docs", "{5CBEC6EB-BB0A-4A61-9341-32B922BA8657}"
	ProjectSection(SolutionItems) = preProject
		serviceports.txt = serviceports.txt
	EndProjectSection
EndProject
Project("{2150E333-8FDC-42A3-9474-1A3956D46DE8}") = "shared", "shared", "{0C07A41B-B6E6-4157-9708-EAD610BF4652}"
EndProject
Project("{9A19103F-16F7-4668-BE54-9A1E7A4F7556}") = "CourseSales.Shared", "shared\CourseSales.Shared\CourseSales.Shared.csproj", "{936A1095-2E4F-4EF4-94BF-9986DBB088B4}"
EndProject
Project("{2150E333-8FDC-42A3-9474-1A3956D46DE8}") = "identityserver", "identityserver", "{EF1AF32E-5E05-4F69-A1FA-E991D0C05871}"
EndProject
Project("{9A19103F-16F7-4668-BE54-9A1E7A4F7556}") = "CourseSales.IdentityServer", "identityserver\CourseSales.IdentityServer\CourseSales.IdentityServer.csproj", "{931096AC-3C77-462A-8A1E-6E5AAA41CC0A}"
EndProject
Project("{2150E333-8FDC-42A3-9474-1A3956D46DE8}") = "photostock", "photostock", "{CE171F2F-55DB-4288-A9C2-9DF55B1CCFE9}"
EndProject
Project("{9A19103F-16F7-4668-BE54-9A1E7A4F7556}") = "CourseSales.Services.PhotoStock", "services\photostock\CourseSales.Services.PhotoStock\CourseSales.Services.PhotoStock.csproj", "{6C4B9FA8-B020-4BAE-8256-CDB3F9153249}"
EndProject
Project("{2150E333-8FDC-42A3-9474-1A3956D46DE8}") = "basket", "basket", "{2E36C571-C14F-40CB-BA5E-1AE5B2DCCF21}"
EndProject
Project("{FAE04EC0-301F-11D3-BF4B-00C04F79EFBC}") = "CourseSales.Services.Basket", "services\basket\CourseSales.Services.Basket\CourseSales.Services.Basket.csproj", "{A9D02343-9BDF-498B-8E9D-0944AF56932A}"
EndProject
Global
	GlobalSection(SolutionConfigurationPlatforms) = preSolution
		Debug|Any CPU = Debug|Any CPU
		Release|Any CPU = Release|Any CPU
	EndGlobalSection
	GlobalSection(ProjectConfigurationPlatforms) = postSolution
		{39A9BD42-147D-4AA8-B562-B5B2086DDAB7}.Debug|Any CPU.ActiveCfg = Debug|Any CPU
		{39A9BD42-147D-4AA8-B562-B5B2086DDAB7}.Debug|Any CPU.Build.0 = Debug|Any CPU
		{39A9BD42-147D-4AA8-B562-B5B2086DDAB7}.Release|Any CPU.ActiveCfg = Release|Any CPU
		{39A9BD42-147D-4AA8-B562-B5B2086DDAB7}.Release|Any CPU.Build.0 = Release|Any CPU
		{936A1095-2E4F-4EF4-94BF-9986DBB088B4}.Debug|Any CPU.ActiveCfg = Debug|Any CPU
		{936A1095-2E4F-4EF4-94BF-9986DBB088B4}.Debug|Any CPU.Build.0 = Debug|Any CPU
		{936A1095-2E4F-4EF4-94BF-9986DBB088B4}.Release|Any CPU.ActiveCfg = Release|Any CPU
		{936A1095-2E4F-4EF4-94BF-9986DBB088B4}.Release|Any CPU.Build.0 = Release|Any CPU
		{931096AC-3C77-462A-8A1E-6E5AAA41CC0A}.Debug|Any CPU.ActiveCfg = Debug|Any CPU
		{931096AC-3C77-462A-8A1E-6E5AAA41CC0A}.Debug|Any CPU.Build.0 = Debug|Any CPU
		{931096AC-3C77-462A-8A1E-6E5AAA41CC0A}.Release|Any CPU.ActiveCfg = Release|Any CPU
		{931096AC-3C77-462A-8A1E-6E5AAA41CC0A}.Release|Any CPU.Build.0 = Release|Any CPU
		{6C4B9FA8-B020-4BAE-8256-CDB3F9153249}.Debug|Any CPU.ActiveCfg = Debug|Any CPU
		{6C4B9FA8-B020-4BAE-8256-CDB3F9153249}.Debug|Any CPU.Build.0 = Debug|Any CPU
		{6C4B9FA8-B020-4BAE-8256-CDB3F9153249}.Release|Any CPU.ActiveCfg = Release|Any CPU
		{6C4B9FA8-B020-4BAE-8256-CDB3F9153249}.Release|Any CPU.Build.0 = Release|Any CPU
		{A9D02343-9BDF-498B-8E9D-0944AF56932A}.Debug|Any CPU.ActiveCfg = Debug|Any CPU
		{A9D02343-9BDF-498B-8E9D-0944AF56932A}.Debug|Any CPU.Build.0 = Debug|Any CPU
		{A9D02343-9BDF-498B-8E9D-0944AF56932A}.Release|Any CPU.ActiveCfg = Release|Any CPU
		{A9D02343-9BDF-498B-8E9D-0944AF56932A}.Release|Any CPU.Build.0 = Release|Any CPU
	EndGlobalSection
	GlobalSection(SolutionProperties) = preSolution
		HideSolutionNode = FALSE
	EndGlobalSection
	GlobalSection(NestedProjects) = preSolution
		{9CEC59E8-4DFC-4441-931D-1D5D9582C913} = {2087168D-9870-41E9-8E55-53F18968836C}
		{39A9BD42-147D-4AA8-B562-B5B2086DDAB7} = {9CEC59E8-4DFC-4441-931D-1D5D9582C913}
		{936A1095-2E4F-4EF4-94BF-9986DBB088B4} = {0C07A41B-B6E6-4157-9708-EAD610BF4652}
		{931096AC-3C77-462A-8A1E-6E5AAA41CC0A} = {EF1AF32E-5E05-4F69-A1FA-E991D0C05871}
		{CE171F2F-55DB-4288-A9C2-9DF55B1CCFE9} = {2087168D-9870-41E9-8E55-53F18968836C}
		{6C4B9FA8-B020-4BAE-8256-CDB3F9153249} = {CE171F2F-55DB-4288-A9C2-9DF55B1CCFE9}
		{2E36C571-C14F-40CB-BA5E-1AE5B2DCCF21} = {2087168D-9870-41E9-8E55-53F18968836C}
		{A9D02343-9BDF-498B-8E9D-0944AF56932A} = {2E36C571-C14F-40CB-BA5E-1AE5B2DCCF21}
	EndGlobalSection
	GlobalSection(ExtensibilityGlobals) = postSolution
		SolutionGuid = {8C59F3D3-EE97-4C94-B0B3-5B7D721B917F}
	EndGlobalSection
EndGlobal
